{
  "nodes": {
    "emacs-anywhere": {
      "flake": false,
      "locked": {
        "lastModified": 1637138087,
        "narHash": "sha256-+trOVITL+7ifOg4oXRkXyzTuHo4kBC1vOVrWZs2hunc=",
        "owner": "slotThe",
        "repo": "emacs-anywhere",
        "rev": "e837e154dd1e333006765eee3e4489fdd2c7b0f0",
        "type": "gitlab"
      },
      "original": {
        "owner": "slotThe",
        "repo": "emacs-anywhere",
        "type": "gitlab"
      }
    },
    "emacs-overlay": {
      "inputs": {
        "flake-utils": "flake-utils",
        "nixpkgs": [
          "nixpkgs"
        ],
        "nixpkgs-stable": "nixpkgs-stable"
      },
      "locked": {
        "lastModified": 1692700056,
        "narHash": "sha256-KWk7tPc4VHqtcV0Q89SD4aELFppGKNJs0F8amJEb8Yc=",
        "owner": "nix-community",
        "repo": "emacs-overlay",
        "rev": "e4959460ea8e7d122baab8fd967bc604df928bec",
        "type": "github"
      },
      "original": {
        "owner": "nix-community",
        "repo": "emacs-overlay",
        "type": "github"
      }
    },
    "flake-utils": {
      "inputs": {
        "systems": "systems"
      },
      "locked": {
        "lastModified": 1689068808,
        "narHash": "sha256-6ixXo3wt24N/melDWjq70UuHQLxGV8jZvooRanIHXw0=",
        "owner": "numtide",
        "repo": "flake-utils",
        "rev": "919d646de7be200f3bf08cb76ae1f09402b6f9b4",
        "type": "github"
      },
      "original": {
        "owner": "numtide",
        "repo": "flake-utils",
        "type": "github"
      }
    },
    "home-manager": {
      "inputs": {
        "nixpkgs": [
          "nixpkgs"
        ]
      },
      "locked": {
        "lastModified": 1692720545,
        "narHash": "sha256-DQDremUH7lRxiZEIVh6C6kQusuPe1vUKtiVl29nmP0E=",
        "owner": "nix-community",
        "repo": "home-manager",
        "rev": "8eb8c212e50e2fd95af5849585a2eb819add0a1e",
        "type": "github"
      },
      "original": {
        "owner": "nix-community",
        "repo": "home-manager",
        "type": "github"
      }
    },
    "nix-index-database": {
      "inputs": {
        "nixpkgs": [
          "nixpkgs"
        ]
      },
      "locked": {
        "lastModified": 1692503351,
        "narHash": "sha256-FdG0wnizM9mAUgi58KP1tXaX4ogVooPDS6VwsGEqZ9s=",
        "owner": "Mic92",
        "repo": "nix-index-database",
        "rev": "4becac130db930e9de8c3fe58bfa245c119b9eeb",
        "type": "github"
      },
      "original": {
        "owner": "Mic92",
        "repo": "nix-index-database",
        "type": "github"
      }
    },
    "nixos": {
      "locked": {
        "lastModified": 1692638711,
        "narHash": "sha256-J0LgSFgJVGCC1+j5R2QndadWI1oumusg6hCtYAzLID4=",
        "owner": "nixos",
        "repo": "nixpkgs",
        "rev": "91a22f76cd1716f9d0149e8a5c68424bb691de15",
        "type": "github"
      },
      "original": {
        "owner": "nixos",
        "ref": "nixos-unstable",
        "repo": "nixpkgs",
        "type": "github"
      }
    },
    "nixos-hardware": {
      "locked": {
        "lastModified": 1692373088,
        "narHash": "sha256-EPgCecdc9I8aTdmDNoO1l7R72r2WPhZRcesV4nzxBj8=",
        "owner": "nixos",
        "repo": "nixos-hardware",
        "rev": "7f1836531b126cfcf584e7d7d71bf8758bb58969",
        "type": "github"
      },
      "original": {
        "owner": "nixos",
        "ref": "master",
        "repo": "nixos-hardware",
        "type": "github"
      }
    },
    "nixpkgs": {
      "locked": {
        "lastModified": 1692557222,
        "narHash": "sha256-TCOtZaioLf/jTEgfa+nyg0Nwq5Uc610Z+OFV75yUgGw=",
        "owner": "nixos",
        "repo": "nixpkgs",
        "rev": "0b07d4957ee1bd7fd3bdfd12db5f361bd70175a6",
        "type": "github"
      },
      "original": {
        "owner": "nixos",
        "ref": "nixpkgs-unstable",
        "repo": "nixpkgs",
        "type": "github"
      }
    },
    "nixpkgs-lib": {
      "locked": {
        "dir": "lib",
        "lastModified": 1692343221,
        "narHash": "sha256-aCQE0eXmQ36ouEFfRf4gxGHELo/GFW2UzGj8DU7CtfU=",
        "owner": "NixOS",
        "repo": "nixpkgs",
        "rev": "babf56d5b24a91526a208cad1dde3d6ddbe4878c",
        "type": "github"
      },
      "original": {
        "dir": "lib",
        "owner": "NixOS",
        "ref": "nixpkgs-unstable",
        "repo": "nixpkgs",
        "type": "github"
      }
    },
    "nixpkgs-stable": {
      "locked": {
        "lastModified": 1692525914,
        "narHash": "sha256-MUgZ9/9mE/EbEQA6JPdcQHkjoR5fgvaKhpy6UO67uEc=",
        "owner": "NixOS",
        "repo": "nixpkgs",
        "rev": "475d5ae2c4cb87b904545bdb547af05681198fcc",
        "type": "github"
      },
      "original": {
        "owner": "NixOS",
        "ref": "nixos-23.05",
        "repo": "nixpkgs",
        "type": "github"
      }
    },
    "root": {
      "inputs": {
        "emacs-anywhere": "emacs-anywhere",
        "emacs-overlay": "emacs-overlay",
        "home-manager": "home-manager",
        "nix-index-database": "nix-index-database",
        "nixos": "nixos",
        "nixos-hardware": "nixos-hardware",
        "nixpkgs": "nixpkgs",
        "systems-private": "systems-private"
      }
    },
    "systems": {
      "locked": {
        "lastModified": 1681028828,
        "narHash": "sha256-Vy1rq5AaRuLzOxct8nz4T6wlgyUR7zLU309k9mBC768=",
        "owner": "nix-systems",
        "repo": "default",
        "rev": "da67096a3b9bf56a91d16901293e51ba5b49a27e",
        "type": "github"
      },
      "original": {
        "owner": "nix-systems",
        "repo": "default",
        "type": "github"
      }
    },
    "systems-private": {
      "inputs": {
        "nixpkgs-lib": "nixpkgs-lib"
      },
      "locked": {
        "lastModified": 1692666628,
        "narHash": "sha256-EHvH8SquttaeqjazZoGgJEZBHHBB6mITfYbtLVLx9sM=",
        "ref": "refs/heads/main",
        "rev": "7b35221cbc72f5f41e26a4fc534039fef79f7abe",
        "revCount": 27,
        "type": "git",
        "url": "ssh://git@github.com/proofconstruction/systems-private"
      },
      "original": {
        "type": "git",
        "url": "ssh://git@github.com/proofconstruction/systems-private"
      }
    }
  },
  "root": "root",
  "version": 7
}
